
Microsoft Visual Studio Solution File, Format Version 12.00
# Visual Studio Version 17
VisualStudioVersion = 17.4.33205.214
MinimumVisualStudioVersion = 10.0.40219.1
Project("{FAE04EC0-301F-11D3-BF4B-00C04F79EFBC}") = "EvTapshirigi2", "EvTapshirigi2\EvTapshirigi2.csproj", "{BBA7B4A2-6B4F-48C9-B571-562C877C9D3B}"
EndProject
Global
	GlobalSection(SolutionConfigurationPlatforms) = preSolution
		Debug|Any CPU = Debug|Any CPU
		Release|Any CPU = Release|Any CPU
	EndGlobalSection
	GlobalSection(ProjectConfigurationPlatforms) = postSolution
		{BBA7B4A2-6B4F-48C9-B571-562C877C9D3B}.Debug|Any CPU.ActiveCfg = Debug|Any CPU
		{BBA7B4A2-6B4F-48C9-B571-562C877C9D3B}.Debug|Any CPU.Build.0 = Debug|Any CPU
		{BBA7B4A2-6B4F-48C9-B571-562C877C9D3B}.Release|Any CPU.ActiveCfg = Release|Any CPU
		{BBA7B4A2-6B4F-48C9-B571-562C877C9D3B}.Release|Any CPU.Build.0 = Release|Any CPU
	EndGlobalSection
	GlobalSection(SolutionProperties) = preSolution
		HideSolutionNode = FALSE
	EndGlobalSection
	GlobalSection(ExtensibilityGlobals) = postSolution
		SolutionGuid = {FD747EF9-0D13-4717-BB76-9EA3F2047AA6}
	EndGlobalSection
EndGlobal
